
Microsoft Visual Studio Solution File, Format Version 12.00
# Visual Studio Version 17
VisualStudioVersion = 17.6.33815.320
MinimumVisualStudioVersion = 10.0.40219.1
Project("{2150E333-8FDC-42A3-9474-1A3956D46DE8}") = "Core", "Core", "{68108642-0E5E-46E8-A58B-84CBA352A41F}"
EndProject
Project("{9A19103F-16F7-4668-BE54-9A1E7A4F7556}") = "Application", "Application\Application.csproj", "{3E268039-E842-4002-B211-15C82EB232CE}"
EndProject
Project("{9A19103F-16F7-4668-BE54-9A1E7A4F7556}") = "Domain", "Domain\Domain.csproj", "{DA48C1CC-E774-4FC2-8F58-9B79FBD3E0D0}"
EndProject
Project("{2150E333-8FDC-42A3-9474-1A3956D46DE8}") = "Infraestructure", "Infraestructure", "{90B8929E-F130-4153-8E9E-98064B36D7CE}"
EndProject
Project("{9A19103F-16F7-4668-BE54-9A1E7A4F7556}") = "Persistence", "Persistence\Persistence.csproj", "{BAF166F3-1BD8-4C8D-90DB-F6FCC1792D3B}"
EndProject
Project("{9A19103F-16F7-4668-BE54-9A1E7A4F7556}") = "EnlacesGymsWeb.Server", "EnlacesGymsWeb\EnlacesGymsWeb.Server\EnlacesGymsWeb.Server.csproj", "{D672CDCD-7E89-46B5-8E85-8F5743DB2C44}"
EndProject
Global
	GlobalSection(SolutionConfigurationPlatforms) = preSolution
		Debug|Any CPU = Debug|Any CPU
		Release|Any CPU = Release|Any CPU
	EndGlobalSection
	GlobalSection(ProjectConfigurationPlatforms) = postSolution
		{3E268039-E842-4002-B211-15C82EB232CE}.Debug|Any CPU.ActiveCfg = Debug|Any CPU
		{3E268039-E842-4002-B211-15C82EB232CE}.Debug|Any CPU.Build.0 = Debug|Any CPU
		{3E268039-E842-4002-B211-15C82EB232CE}.Release|Any CPU.ActiveCfg = Release|Any CPU
		{3E268039-E842-4002-B211-15C82EB232CE}.Release|Any CPU.Build.0 = Release|Any CPU
		{DA48C1CC-E774-4FC2-8F58-9B79FBD3E0D0}.Debug|Any CPU.ActiveCfg = Debug|Any CPU
		{DA48C1CC-E774-4FC2-8F58-9B79FBD3E0D0}.Debug|Any CPU.Build.0 = Debug|Any CPU
		{DA48C1CC-E774-4FC2-8F58-9B79FBD3E0D0}.Release|Any CPU.ActiveCfg = Release|Any CPU
		{DA48C1CC-E774-4FC2-8F58-9B79FBD3E0D0}.Release|Any CPU.Build.0 = Release|Any CPU
		{BAF166F3-1BD8-4C8D-90DB-F6FCC1792D3B}.Debug|Any CPU.ActiveCfg = Debug|Any CPU
		{BAF166F3-1BD8-4C8D-90DB-F6FCC1792D3B}.Debug|Any CPU.Build.0 = Debug|Any CPU
		{BAF166F3-1BD8-4C8D-90DB-F6FCC1792D3B}.Release|Any CPU.ActiveCfg = Release|Any CPU
		{BAF166F3-1BD8-4C8D-90DB-F6FCC1792D3B}.Release|Any CPU.Build.0 = Release|Any CPU
		{D672CDCD-7E89-46B5-8E85-8F5743DB2C44}.Debug|Any CPU.ActiveCfg = Debug|Any CPU
		{D672CDCD-7E89-46B5-8E85-8F5743DB2C44}.Debug|Any CPU.Build.0 = Debug|Any CPU
		{D672CDCD-7E89-46B5-8E85-8F5743DB2C44}.Release|Any CPU.ActiveCfg = Release|Any CPU
		{D672CDCD-7E89-46B5-8E85-8F5743DB2C44}.Release|Any CPU.Build.0 = Release|Any CPU
	EndGlobalSection
	GlobalSection(SolutionProperties) = preSolution
		HideSolutionNode = FALSE
	EndGlobalSection
	GlobalSection(NestedProjects) = preSolution
		{3E268039-E842-4002-B211-15C82EB232CE} = {68108642-0E5E-46E8-A58B-84CBA352A41F}
		{DA48C1CC-E774-4FC2-8F58-9B79FBD3E0D0} = {68108642-0E5E-46E8-A58B-84CBA352A41F}
		{BAF166F3-1BD8-4C8D-90DB-F6FCC1792D3B} = {90B8929E-F130-4153-8E9E-98064B36D7CE}
	EndGlobalSection
	GlobalSection(ExtensibilityGlobals) = postSolution
		SolutionGuid = {9E4EA383-F87A-4D2C-B90A-BFA9081D8517}
	EndGlobalSection
EndGlobal
